// !$*UTF8*$!
{
	archiveVersion = 1;
	classes = {
	};
	objectVersion = 46;
	objects = {

/* Begin PBXBuildFile section */
		AF1936A51952CBAB0011757F /* main.m in Sources */ = {isa = PBXBuildFile; fileRef = AF1936A41952CBAB0011757F /* main.m */; };
		AF1936A81952CBAB0011757F /* AppDelegate.m in Sources */ = {isa = PBXBuildFile; fileRef = AF1936A71952CBAB0011757F /* AppDelegate.m */; };
		AF1936AA1952CBAB0011757F /* Images.xcassets in Resources */ = {isa = PBXBuildFile; fileRef = AF1936A91952CBAB0011757F /* Images.xcassets */; };
		AF1936B61952CBAB0011757F /* Yo_Keyboard_Container_AppTests.m in Sources */ = {isa = PBXBuildFile; fileRef = AF1936B51952CBAB0011757F /* Yo_Keyboard_Container_AppTests.m */; };
		AF1936C91952CBC00011757F /* KeyboardViewController.m in Sources */ = {isa = PBXBuildFile; fileRef = AF1936C81952CBC00011757F /* KeyboardViewController.m */; };
		AF1936CC1952CBC00011757F /* com.mathewhartley.Yo-Keyboard-Container-App.Yo-Keyboard.appex in Embed App Extensions */ = {isa = PBXBuildFile; fileRef = AF1936C31952CBC00011757F /* com.mathewhartley.Yo-Keyboard-Container-App.Yo-Keyboard.appex */; };
/* End PBXBuildFile section */

/* Begin PBXContainerItemProxy section */
		AF1936B01952CBAB0011757F /* PBXContainerItemProxy */ = {
			isa = PBXContainerItemProxy;
			containerPortal = AF1936971952CBAB0011757F /* Project object */;
			proxyType = 1;
			remoteGlobalIDString = AF19369E1952CBAB0011757F;
			remoteInfo = "Yo Keyboard Container App";
		};
		AF1936CA1952CBC00011757F /* PBXContainerItemProxy */ = {
			isa = PBXContainerItemProxy;
			containerPortal = AF1936971952CBAB0011757F /* Project object */;
			proxyType = 1;
			remoteGlobalIDString = AF1936C21952CBC00011757F;
			remoteInfo = "Yo Keyboard";
		};
		AF1936CD1952CBC00011757F /* PBXContainerItemProxy */ = {
			isa = PBXContainerItemProxy;
			containerPortal = AF1936971952CBAB0011757F /* Project object */;
			proxyType = 1;
			remoteGlobalIDString = AF1936C21952CBC00011757F;
			remoteInfo = "Yo Keyboard";
		};
/* End PBXContainerItemProxy section */

/* Begin PBXCopyFilesBuildPhase section */
		AF1936D21952CBC00011757F /* Embed App Extensions */ = {
			isa = PBXCopyFilesBuildPhase;
			buildActionMask = 2147483647;
			dstPath = "";
			dstSubfolderSpec = 13;
			files = (
				AF1936CC1952CBC00011757F /* com.mathewhartley.Yo-Keyboard-Container-App.Yo-Keyboard.appex in Embed App Extensions */,
			);
			name = "Embed App Extensions";
			runOnlyForDeploymentPostprocessing = 0;
		};
/* End PBXCopyFilesBuildPhase section */

/* Begin PBXFileReference section */
		AF19369F1952CBAB0011757F /* Yo Keyboard Container App.app */ = {isa = PBXFileReference; explicitFileType = wrapper.application; includeInIndex = 0; path = "Yo Keyboard Container App.app"; sourceTree = BUILT_PRODUCTS_DIR; };
		AF1936A31952CBAB0011757F /* Info.plist */ = {isa = PBXFileReference; lastKnownFileType = text.plist.xml; path = Info.plist; sourceTree = "<group>"; };
		AF1936A41952CBAB0011757F /* main.m */ = {isa = PBXFileReference; lastKnownFileType = sourcecode.c.objc; path = main.m; sourceTree = "<group>"; };
		AF1936A61952CBAB0011757F /* AppDelegate.h */ = {isa = PBXFileReference; lastKnownFileType = sourcecode.c.h; path = AppDelegate.h; sourceTree = "<group>"; };
		AF1936A71952CBAB0011757F /* AppDelegate.m */ = {isa = PBXFileReference; lastKnownFileType = sourcecode.c.objc; path = AppDelegate.m; sourceTree = "<group>"; };
		AF1936A91952CBAB0011757F /* Images.xcassets */ = {isa = PBXFileReference; lastKnownFileType = folder.assetcatalog; path = Images.xcassets; sourceTree = "<group>"; };
		AF1936AF1952CBAB0011757F /* Yo Keyboard Container AppTests.xctest */ = {isa = PBXFileReference; explicitFileType = wrapper.cfbundle; includeInIndex = 0; path = "Yo Keyboard Container AppTests.xctest"; sourceTree = BUILT_PRODUCTS_DIR; };
		AF1936B41952CBAB0011757F /* Info.plist */ = {isa = PBXFileReference; lastKnownFileType = text.plist.xml; path = Info.plist; sourceTree = "<group>"; };
		AF1936B51952CBAB0011757F /* Yo_Keyboard_Container_AppTests.m */ = {isa = PBXFileReference; lastKnownFileType = sourcecode.c.objc; path = Yo_Keyboard_Container_AppTests.m; sourceTree = "<group>"; };
		AF1936C31952CBC00011757F /* com.mathewhartley.Yo-Keyboard-Container-App.Yo-Keyboard.appex */ = {isa = PBXFileReference; explicitFileType = "wrapper.app-extension"; includeInIndex = 0; path = "com.mathewhartley.Yo-Keyboard-Container-App.Yo-Keyboard.appex"; sourceTree = BUILT_PRODUCTS_DIR; };
		AF1936C61952CBC00011757F /* Info.plist */ = {isa = PBXFileReference; lastKnownFileType = text.plist.xml; path = Info.plist; sourceTree = "<group>"; };
		AF1936C71952CBC00011757F /* KeyboardViewController.h */ = {isa = PBXFileReference; lastKnownFileType = sourcecode.c.h; path = KeyboardViewController.h; sourceTree = "<group>"; };
		AF1936C81952CBC00011757F /* KeyboardViewController.m */ = {isa = PBXFileReference; lastKnownFileType = sourcecode.c.objc; path = KeyboardViewController.m; sourceTree = "<group>"; };
/* End PBXFileReference section */

/* Begin PBXFrameworksBuildPhase section */
		AF19369C1952CBAB0011757F /* Frameworks */ = {
			isa = PBXFrameworksBuildPhase;
			buildActionMask = 2147483647;
			files = (
			);
			runOnlyForDeploymentPostprocessing = 0;
		};
		AF1936AC1952CBAB0011757F /* Frameworks */ = {
			isa = PBXFrameworksBuildPhase;
			buildActionMask = 2147483647;
			files = (
			);
			runOnlyForDeploymentPostprocessing = 0;
		};
		AF1936C01952CBC00011757F /* Frameworks */ = {
			isa = PBXFrameworksBuildPhase;
			buildActionMask = 2147483647;
			files = (
			);
			runOnlyForDeploymentPostprocessing = 0;
		};
/* End PBXFrameworksBuildPhase section */

/* Begin PBXGroup section */
		AF1936961952CBAB0011757F = {
			isa = PBXGroup;
			children = (
				AF1936A11952CBAB0011757F /* Yo Keyboard Container App */,
				AF1936B21952CBAB0011757F /* Yo Keyboard Container AppTests */,
				AF1936C41952CBC00011757F /* Yo Keyboard */,
				AF1936A01952CBAB0011757F /* Products */,
			);
			sourceTree = "<group>";
		};
		AF1936A01952CBAB0011757F /* Products */ = {
			isa = PBXGroup;
			children = (
				AF19369F1952CBAB0011757F /* Yo Keyboard Container App.app */,
				AF1936AF1952CBAB0011757F /* Yo Keyboard Container AppTests.xctest */,
				AF1936C31952CBC00011757F /* com.mathewhartley.Yo-Keyboard-Container-App.Yo-Keyboard.appex */,
			);
			name = Products;
			sourceTree = "<group>";
		};
		AF1936A11952CBAB0011757F /* Yo Keyboard Container App */ = {
			isa = PBXGroup;
			children = (
				AF1936A61952CBAB0011757F /* AppDelegate.h */,
				AF1936A71952CBAB0011757F /* AppDelegate.m */,
				AF1936A91952CBAB0011757F /* Images.xcassets */,
				AF1936A21952CBAB0011757F /* Supporting Files */,
			);
			path = "Yo Keyboard Container App";
			sourceTree = "<group>";
		};
		AF1936A21952CBAB0011757F /* Supporting Files */ = {
			isa = PBXGroup;
			children = (
				AF1936A31952CBAB0011757F /* Info.plist */,
				AF1936A41952CBAB0011757F /* main.m */,
			);
			name = "Supporting Files";
			sourceTree = "<group>";
		};
		AF1936B21952CBAB0011757F /* Yo Keyboard Container AppTests */ = {
			isa = PBXGroup;
			children = (
				AF1936B51952CBAB0011757F /* Yo_Keyboard_Container_AppTests.m */,
				AF1936B31952CBAB0011757F /* Supporting Files */,
			);
			path = "Yo Keyboard Container AppTests";
			sourceTree = "<group>";
		};
		AF1936B31952CBAB0011757F /* Supporting Files */ = {
			isa = PBXGroup;
			children = (
				AF1936B41952CBAB0011757F /* Info.plist */,
			);
			name = "Supporting Files";
			sourceTree = "<group>";
		};
		AF1936C41952CBC00011757F /* Yo Keyboard */ = {
			isa = PBXGroup;
			children = (
				AF1936C71952CBC00011757F /* KeyboardViewController.h */,
				AF1936C81952CBC00011757F /* KeyboardViewController.m */,
				AF1936C51952CBC00011757F /* Supporting Files */,
			);
			path = "Yo Keyboard";
			sourceTree = "<group>";
		};
		AF1936C51952CBC00011757F /* Supporting Files */ = {
			isa = PBXGroup;
			children = (
				AF1936C61952CBC00011757F /* Info.plist */,
			);
			name = "Supporting Files";
			sourceTree = "<group>";
		};
/* End PBXGroup section */

/* Begin PBXNativeTarget section */
		AF19369E1952CBAB0011757F /* Yo Keyboard Container App */ = {
			isa = PBXNativeTarget;
			buildConfigurationList = AF1936B91952CBAB0011757F /* Build configuration list for PBXNativeTarget "Yo Keyboard Container App" */;
			buildPhases = (
				AF19369B1952CBAB0011757F /* Sources */,
				AF19369C1952CBAB0011757F /* Frameworks */,
				AF19369D1952CBAB0011757F /* Resources */,
				AF1936D21952CBC00011757F /* Embed App Extensions */,
			);
			buildRules = (
			);
			dependencies = (
				AF1936CB1952CBC00011757F /* PBXTargetDependency */,
				AF1936CE1952CBC00011757F /* PBXTargetDependency */,
			);
			name = "Yo Keyboard Container App";
			productName = "Yo Keyboard Container App";
			productReference = AF19369F1952CBAB0011757F /* Yo Keyboard Container App.app */;
			productType = "com.apple.product-type.application";
		};
		AF1936AE1952CBAB0011757F /* Yo Keyboard Container AppTests */ = {
			isa = PBXNativeTarget;
			buildConfigurationList = AF1936BC1952CBAB0011757F /* Build configuration list for PBXNativeTarget "Yo Keyboard Container AppTests" */;
			buildPhases = (
				AF1936AB1952CBAB0011757F /* Sources */,
				AF1936AC1952CBAB0011757F /* Frameworks */,
				AF1936AD1952CBAB0011757F /* Resources */,
			);
			buildRules = (
			);
			dependencies = (
				AF1936B11952CBAB0011757F /* PBXTargetDependency */,
			);
			name = "Yo Keyboard Container AppTests";
			productName = "Yo Keyboard Container AppTests";
			productReference = AF1936AF1952CBAB0011757F /* Yo Keyboard Container AppTests.xctest */;
			productType = "com.apple.product-type.bundle.unit-test";
		};
		AF1936C21952CBC00011757F /* Yo Keyboard */ = {
			isa = PBXNativeTarget;
			buildConfigurationList = AF1936CF1952CBC00011757F /* Build configuration list for PBXNativeTarget "Yo Keyboard" */;
			buildPhases = (
				AF1936BF1952CBC00011757F /* Sources */,
				AF1936C01952CBC00011757F /* Frameworks */,
				AF1936C11952CBC00011757F /* Resources */,
			);
			buildRules = (
			);
			dependencies = (
			);
			name = "Yo Keyboard";
			productName = "Yo Keyboard";
			productReference = AF1936C31952CBC00011757F /* com.mathewhartley.Yo-Keyboard-Container-App.Yo-Keyboard.appex */;
			productType = "com.apple.product-type.app-extension";
		};
/* End PBXNativeTarget section */

/* Begin PBXProject section */
		AF1936971952CBAB0011757F /* Project object */ = {
			isa = PBXProject;
			attributes = {
				LastUpgradeCheck = 0600;
				ORGANIZATIONNAME = "Mathew Hartley";
				TargetAttributes = {
					AF19369E1952CBAB0011757F = {
						CreatedOnToolsVersion = 6.0;
					};
					AF1936AE1952CBAB0011757F = {
						CreatedOnToolsVersion = 6.0;
						TestTargetID = AF19369E1952CBAB0011757F;
					};
					AF1936C21952CBC00011757F = {
						CreatedOnToolsVersion = 6.0;
					};
				};
			};
			buildConfigurationList = AF19369A1952CBAB0011757F /* Build configuration list for PBXProject "Yo Keyboard Container App" */;
			compatibilityVersion = "Xcode 3.2";
			developmentRegion = English;
			hasScannedForEncodings = 0;
			knownRegions = (
				en,
			);
			mainGroup = AF1936961952CBAB0011757F;
			productRefGroup = AF1936A01952CBAB0011757F /* Products */;
			projectDirPath = "";
			projectRoot = "";
			targets = (
				AF19369E1952CBAB0011757F /* Yo Keyboard Container App */,
				AF1936AE1952CBAB0011757F /* Yo Keyboard Container AppTests */,
				AF1936C21952CBC00011757F /* Yo Keyboard */,
			);
		};
/* End PBXProject section */

/* Begin PBXResourcesBuildPhase section */
		AF19369D1952CBAB0011757F /* Resources */ = {
			isa = PBXResourcesBuildPhase;
			buildActionMask = 2147483647;
			files = (
				AF1936AA1952CBAB0011757F /* Images.xcassets in Resources */,
			);
			runOnlyForDeploymentPostprocessing = 0;
		};
		AF1936AD1952CBAB0011757F /* Resources */ = {
			isa = PBXResourcesBuildPhase;
			buildActionMask = 2147483647;
			files = (
			);
			runOnlyForDeploymentPostprocessing = 0;
		};
		AF1936C11952CBC00011757F /* Resources */ = {
			isa = PBXResourcesBuildPhase;
			buildActionMask = 2147483647;
			files = (
			);
			runOnlyForDeploymentPostprocessing = 0;
		};
/* End PBXResourcesBuildPhase section */

/* Begin PBXSourcesBuildPhase section */
		AF19369B1952CBAB0011757F /* Sources */ = {
			isa = PBXSourcesBuildPhase;
			buildActionMask = 2147483647;
			files = (
				AF1936A81952CBAB0011757F /* AppDelegate.m in Sources */,
				AF1936A51952CBAB0011757F /* main.m in Sources */,
			);
			runOnlyForDeploymentPostprocessing = 0;
		};
		AF1936AB1952CBAB0011757F /* Sources */ = {
			isa = PBXSourcesBuildPhase;
			buildActionMask = 2147483647;
			files = (
				AF1936B61952CBAB0011757F /* Yo_Keyboard_Container_AppTests.m in Sources */,
			);
			runOnlyForDeploymentPostprocessing = 0;
		};
		AF1936BF1952CBC00011757F /* Sources */ = {
			isa = PBXSourcesBuildPhase;
			buildActionMask = 2147483647;
			files = (
				AF1936C91952CBC00011757F /* KeyboardViewController.m in Sources */,
			);
			runOnlyForDeploymentPostprocessing = 0;
		};
/* End PBXSourcesBuildPhase section */

/* Begin PBXTargetDependency section */
		AF1936B11952CBAB0011757F /* PBXTargetDependency */ = {
			isa = PBXTargetDependency;
			target = AF19369E1952CBAB0011757F /* Yo Keyboard Container App */;
			targetProxy = AF1936B01952CBAB0011757F /* PBXContainerItemProxy */;
		};
		AF1936CB1952CBC00011757F /* PBXTargetDependency */ = {
			isa = PBXTargetDependency;
			target = AF1936C21952CBC00011757F /* Yo Keyboard */;
			targetProxy = AF1936CA1952CBC00011757F /* PBXContainerItemProxy */;
		};
		AF1936CE1952CBC00011757F /* PBXTargetDependency */ = {
			isa = PBXTargetDependency;
			target = AF1936C21952CBC00011757F /* Yo Keyboard */;
			targetProxy = AF1936CD1952CBC00011757F /* PBXContainerItemProxy */;
		};
/* End PBXTargetDependency section */

/* Begin XCBuildConfiguration section */
		AF1936B71952CBAB0011757F /* Debug */ = {
			isa = XCBuildConfiguration;
			buildSettings = {
				ALWAYS_SEARCH_USER_PATHS = NO;
				CLANG_CXX_LANGUAGE_STANDARD = "gnu++0x";
				CLANG_CXX_LIBRARY = "libc++";
				CLANG_ENABLE_MODULES = YES;
				CLANG_ENABLE_OBJC_ARC = YES;
				CLANG_WARN_BOOL_CONVERSION = YES;
				CLANG_WARN_CONSTANT_CONVERSION = YES;
				CLANG_WARN_DIRECT_OBJC_ISA_USAGE = YES_ERROR;
				CLANG_WARN_EMPTY_BODY = YES;
				CLANG_WARN_ENUM_CONVERSION = YES;
				CLANG_WARN_INT_CONVERSION = YES;
				CLANG_WARN_OBJC_ROOT_CLASS = YES_ERROR;
				CLANG_WARN_UNREACHABLE_CODE = YES;
				CLANG_WARN__DUPLICATE_METHOD_MATCH = YES;
				"CODE_SIGN_IDENTITY[sdk=iphoneos*]" = "iPhone Developer";
				COPY_PHASE_STRIP = NO;
				ENABLE_STRICT_OBJC_MSGSEND = YES;
				GCC_C_LANGUAGE_STANDARD = gnu99;
				GCC_DYNAMIC_NO_PIC = NO;
				GCC_OPTIMIZATION_LEVEL = 0;
				GCC_PREPROCESSOR_DEFINITIONS = (
					"DEBUG=1",
					"$(inherited)",
				);
				GCC_SYMBOLS_PRIVATE_EXTERN = NO;
				GCC_WARN_64_TO_32_BIT_CONVERSION = YES;
				GCC_WARN_ABOUT_RETURN_TYPE = YES_ERROR;
				GCC_WARN_UNDECLARED_SELECTOR = YES;
				GCC_WARN_UNINITIALIZED_AUTOS = YES_AGGRESSIVE;
				GCC_WARN_UNUSED_FUNCTION = YES;
				GCC_WARN_UNUSED_VARIABLE = YES;
				IPHONEOS_DEPLOYMENT_TARGET = 8.0;
				METAL_ENABLE_DEBUG_INFO = YES;
				ONLY_ACTIVE_ARCH = YES;
				SDKROOT = iphoneos;
				TARGETED_DEVICE_FAMILY = "1,2";
			};
			name = Debug;
		};
		AF1936B81952CBAB0011757F /* Release */ = {
			isa = XCBuildConfiguration;
			buildSettings = {
				ALWAYS_SEARCH_USER_PATHS = NO;
				CLANG_CXX_LANGUAGE_STANDARD = "gnu++0x";
				CLANG_CXX_LIBRARY = "libc++";
				CLANG_ENABLE_MODULES = YES;
				CLANG_ENABLE_OBJC_ARC = YES;
				CLANG_WARN_BOOL_CONVERSION = YES;
				CLANG_WARN_CONSTANT_CONVERSION = YES;
				CLANG_WARN_DIRECT_OBJC_ISA_USAGE = YES_ERROR;
				CLANG_WARN_EMPTY_BODY = YES;
				CLANG_WARN_ENUM_CONVERSION = YES;
				CLANG_WARN_INT_CONVERSION = YES;
				CLANG_WARN_OBJC_ROOT_CLASS = YES_ERROR;
				CLANG_WARN_UNREACHABLE_CODE = YES;
				CLANG_WARN__DUPLICATE_METHOD_MATCH = YES;
				"CODE_SIGN_IDENTITY[sdk=iphoneos*]" = "iPhone Developer";
				COPY_PHASE_STRIP = YES;
				ENABLE_NS_ASSERTIONS = NO;
				ENABLE_STRICT_OBJC_MSGSEND = YES;
				GCC_C_LANGUAGE_STANDARD = gnu99;
				GCC_WARN_64_TO_32_BIT_CONVERSION = YES;
				GCC_WARN_ABOUT_RETURN_TYPE = YES_ERROR;
				GCC_WARN_UNDECLARED_SELECTOR = YES;
				GCC_WARN_UNINITIALIZED_AUTOS = YES_AGGRESSIVE;
				GCC_WARN_UNUSED_FUNCTION = YES;
				GCC_WARN_UNUSED_VARIABLE = YES;
				IPHONEOS_DEPLOYMENT_TARGET = 8.0;
				METAL_ENABLE_DEBUG_INFO = NO;
				SDKROOT = iphoneos;
				TARGETED_DEVICE_FAMILY = "1,2";
				VALIDATE_PRODUCT = YES;
			};
			name = Release;
		};
		AF1936BA1952CBAB0011757F /* Debug */ = {
			isa = XCBuildConfiguration;
			buildSettings = {
				ASSETCATALOG_COMPILER_APPICON_NAME = AppIcon;
				ASSETCATALOG_COMPILER_LAUNCHIMAGE_NAME = LaunchImage;
				INFOPLIST_FILE = "Yo Keyboard Container App/Info.plist";
				LD_RUNPATH_SEARCH_PATHS = "$(inherited) @executable_path/Frameworks";
				PRODUCT_NAME = "$(TARGET_NAME)";
			};
			name = Debug;
		};
		AF1936BB1952CBAB0011757F /* Release */ = {
			isa = XCBuildConfiguration;
			buildSettings = {
				ASSETCATALOG_COMPILER_APPICON_NAME = AppIcon;
				ASSETCATALOG_COMPILER_LAUNCHIMAGE_NAME = LaunchImage;
				INFOPLIST_FILE = "Yo Keyboard Container App/Info.plist";
				LD_RUNPATH_SEARCH_PATHS = "$(inherited) @executable_path/Frameworks";
				PRODUCT_NAME = "$(TARGET_NAME)";
			};
			name = Release;
		};
		AF1936BD1952CBAB0011757F /* Debug */ = {
			isa = XCBuildConfiguration;
			buildSettings = {
				BUNDLE_LOADER = "$(BUILT_PRODUCTS_DIR)/Yo Keyboard Container App.app/Yo Keyboard Container App";
				FRAMEWORK_SEARCH_PATHS = (
					"$(SDKROOT)/Developer/Library/Frameworks",
					"$(inherited)",
				);
				GCC_PREPROCESSOR_DEFINITIONS = (
					"DEBUG=1",
					"$(inherited)",
				);
				INFOPLIST_FILE = "Yo Keyboard Container AppTests/Info.plist";
				LD_RUNPATH_SEARCH_PATHS = "$(inherited) @executable_path/Frameworks @loader_path/Frameworks";
				METAL_ENABLE_DEBUG_INFO = YES;
				PRODUCT_NAME = "$(TARGET_NAME)";
				TEST_HOST = "$(BUNDLE_LOADER)";
			};
			name = Debug;
		};
		AF1936BE1952CBAB0011757F /* Release */ = {
			isa = XCBuildConfiguration;
			buildSettings = {
				BUNDLE_LOADER = "$(BUILT_PRODUCTS_DIR)/Yo Keyboard Container App.app/Yo Keyboard Container App";
				FRAMEWORK_SEARCH_PATHS = (
					"$(SDKROOT)/Developer/Library/Frameworks",
					"$(inherited)",
				);
				INFOPLIST_FILE = "Yo Keyboard Container AppTests/Info.plist";
				LD_RUNPATH_SEARCH_PATHS = "$(inherited) @executable_path/Frameworks @loader_path/Frameworks";
				METAL_ENABLE_DEBUG_INFO = NO;
				PRODUCT_NAME = "$(TARGET_NAME)";
				TEST_HOST = "$(BUNDLE_LOADER)";
			};
			name = Release;
		};
		AF1936D01952CBC00011757F /* Debug */ = {
			isa = XCBuildConfiguration;
			buildSettings = {
				GCC_PREPROCESSOR_DEFINITIONS = (
					"DEBUG=1",
					"$(inherited)",
				);
				INFOPLIST_FILE = "Yo Keyboard/Info.plist";
				LD_RUNPATH_SEARCH_PATHS = "$(inherited) @executable_path/Frameworks @executable_path/../../Frameworks";
				METAL_ENABLE_DEBUG_INFO = YES;
				PRODUCT_NAME = "com.mathewhartley.Yo-Keyboard-Container-App.$(TARGET_NAME:rfc1034identifier)";
				SKIP_INSTALL = YES;
			};
			name = Debug;
		};
		AF1936D11952CBC00011757F /* Release */ = {
			isa = XCBuildConfiguration;
			buildSettings = {
				INFOPLIST_FILE = "Yo Keyboard/Info.plist";
				LD_RUNPATH_SEARCH_PATHS = "$(inherited) @executable_path/Frameworks @executable_path/../../Frameworks";
				METAL_ENABLE_DEBUG_INFO = NO;
				PRODUCT_NAME = "com.mathewhartley.Yo-Keyboard-Container-App.$(TARGET_NAME:rfc1034identifier)";
				SKIP_INSTALL = YES;
			};
			name = Release;
		};
/* End XCBuildConfiguration section */

/* Begin XCConfigurationList section */
		AF19369A1952CBAB0011757F /* Build configuration list for PBXProject "Yo Keyboard Container App" */ = {
			isa = XCConfigurationList;
			buildConfigurations = (
				AF1936B71952CBAB0011757F /* Debug */,
				AF1936B81952CBAB0011757F /* Release */,
			);
			defaultConfigurationIsVisible = 0;
			defaultConfigurationName = Release;
		};
		AF1936B91952CBAB0011757F /* Build configuration list for PBXNativeTarget "Yo Keyboard Container App" */ = {
			isa = XCConfigurationList;
			buildConfigurations = (
				AF1936BA1952CBAB0011757F /* Debug */,
				AF1936BB1952CBAB0011757F /* Release */,
			);
			defaultConfigurationIsVisible = 0;
		};
		AF1936BC1952CBAB0011757F /* Build configuration list for PBXNativeTarget "Yo Keyboard Container AppTests" */ = {
			isa = XCConfigurationList;
			buildConfigurations = (
				AF1936BD1952CBAB0011757F /* Debug */,
				AF1936BE1952CBAB0011757F /* Release */,
			);
			defaultConfigurationIsVisible = 0;
		};
		AF1936CF1952CBC00011757F /* Build configuration list for PBXNativeTarget "Yo Keyboard" */ = {
			isa = XCConfigurationList;
			buildConfigurations = (
				AF1936D01952CBC00011757F /* Debug */,
				AF1936D11952CBC00011757F /* Release */,
			);
			defaultConfigurationIsVisible = 0;
		};
/* End XCConfigurationList section */
	};
	rootObject = AF1936971952CBAB0011757F /* Project object */;
}
